
Microsoft Visual Studio Solution File, Format Version 12.00
# Visual Studio Version 17
VisualStudioVersion = 17.3.32819.101
MinimumVisualStudioVersion = 10.0.40219.1
Project("{FAE04EC0-301F-11D3-BF4B-00C04F79EFBC}") = "Pract8_Eliseev", "Pract8_Eliseev\Pract8_Eliseev.csproj", "{2185DCBA-06E6-4ACC-AA8F-C5C929D47F9D}"
EndProject
Global
	GlobalSection(SolutionConfigurationPlatforms) = preSolution
		Debug|Any CPU = Debug|Any CPU
		Release|Any CPU = Release|Any CPU
	EndGlobalSection
	GlobalSection(ProjectConfigurationPlatforms) = postSolution
		{2185DCBA-06E6-4ACC-AA8F-C5C929D47F9D}.Debug|Any CPU.ActiveCfg = Debug|Any CPU
		{2185DCBA-06E6-4ACC-AA8F-C5C929D47F9D}.Debug|Any CPU.Build.0 = Debug|Any CPU
		{2185DCBA-06E6-4ACC-AA8F-C5C929D47F9D}.Release|Any CPU.ActiveCfg = Release|Any CPU
		{2185DCBA-06E6-4ACC-AA8F-C5C929D47F9D}.Release|Any CPU.Build.0 = Release|Any CPU
	EndGlobalSection
	GlobalSection(SolutionProperties) = preSolution
		HideSolutionNode = FALSE
	EndGlobalSection
	GlobalSection(ExtensibilityGlobals) = postSolution
		SolutionGuid = {0FC0532D-DAB1-455F-BE0B-08AD82C8A194}
	EndGlobalSection
EndGlobal
